
Microsoft Visual Studio Solution File, Format Version 12.00
# Visual Studio 2012
Project("{FAE04EC0-301F-11D3-BF4B-00C04F79EFBC}") = "KrabsBlogEngine", "KrabsBlogEngine\KrabsBlogEngine.csproj", "{343A61B3-C39E-4666-A83A-670C7A3E334E}"
EndProject
Global
	GlobalSection(SolutionConfigurationPlatforms) = preSolution
		Debug|Any CPU = Debug|Any CPU
		Release|Any CPU = Release|Any CPU
	EndGlobalSection
	GlobalSection(ProjectConfigurationPlatforms) = postSolution
		{343A61B3-C39E-4666-A83A-670C7A3E334E}.Debug|Any CPU.ActiveCfg = Debug|Any CPU
		{343A61B3-C39E-4666-A83A-670C7A3E334E}.Debug|Any CPU.Build.0 = Debug|Any CPU
		{343A61B3-C39E-4666-A83A-670C7A3E334E}.Release|Any CPU.ActiveCfg = Release|Any CPU
		{343A61B3-C39E-4666-A83A-670C7A3E334E}.Release|Any CPU.Build.0 = Release|Any CPU
	EndGlobalSection
	GlobalSection(SolutionProperties) = preSolution
		HideSolutionNode = FALSE
	EndGlobalSection
EndGlobal
